
Microsoft Visual Studio Solution File, Format Version 12.00
# Visual Studio Version 17
VisualStudioVersion = 17.8.34330.188
MinimumVisualStudioVersion = 10.0.40219.1
Project("{9A19103F-16F7-4668-BE54-9A1E7A4F7556}") = "Metro", "Metro.csproj", "{B3AE97A3-49C3-45D7-9366-63C7B18E52EA}"
EndProject
Global
	GlobalSection(SolutionConfigurationPlatforms) = preSolution
		Debug|Any CPU = Debug|Any CPU
		Release|Any CPU = Release|Any CPU
	EndGlobalSection
	GlobalSection(ProjectConfigurationPlatforms) = postSolution
		{B3AE97A3-49C3-45D7-9366-63C7B18E52EA}.Debug|Any CPU.ActiveCfg = Debug|Any CPU
		{B3AE97A3-49C3-45D7-9366-63C7B18E52EA}.Debug|Any CPU.Build.0 = Debug|Any CPU
		{B3AE97A3-49C3-45D7-9366-63C7B18E52EA}.Release|Any CPU.ActiveCfg = Release|Any CPU
		{B3AE97A3-49C3-45D7-9366-63C7B18E52EA}.Release|Any CPU.Build.0 = Release|Any CPU
	EndGlobalSection
	GlobalSection(SolutionProperties) = preSolution
		HideSolutionNode = FALSE
	EndGlobalSection
	GlobalSection(ExtensibilityGlobals) = postSolution
		SolutionGuid = {350FE210-5E64-405B-A0D9-40302B088B86}
	EndGlobalSection
EndGlobal
